
Microsoft Visual Studio Solution File, Format Version 12.00
# Visual Studio Version 16
VisualStudioVersion = 16.0.31005.135
MinimumVisualStudioVersion = 10.0.40219.1
Project("{FAE04EC0-301F-11D3-BF4B-00C04F79EFBC}") = "MvcProjeKampi", "MvcProjeKampi\MvcProjeKampi.csproj", "{EC3CCD1E-B6FD-4831-97F2-B7B2DBA3AFF5}"
EndProject
Project("{FAE04EC0-301F-11D3-BF4B-00C04F79EFBC}") = "EntityLayer", "EntityLayer\EntityLayer.csproj", "{69C95AF0-D29E-42C1-A11D-F2EEC7531FF0}"
EndProject
Project("{FAE04EC0-301F-11D3-BF4B-00C04F79EFBC}") = "DataAccesLayer", "DataAccesLayer\DataAccesLayer.csproj", "{F37A63D8-F9C8-49A8-A5AC-F3B099403D5F}"
EndProject
Project("{FAE04EC0-301F-11D3-BF4B-00C04F79EFBC}") = "BussinesLayer", "BussinesLayer\BussinesLayer.csproj", "{C3CAB5CB-A48D-4C1C-A071-C8DE493CE95E}"
EndProject
Global
	GlobalSection(SolutionConfigurationPlatforms) = preSolution
		Debug|Any CPU = Debug|Any CPU
		Release|Any CPU = Release|Any CPU
	EndGlobalSection
	GlobalSection(ProjectConfigurationPlatforms) = postSolution
		{EC3CCD1E-B6FD-4831-97F2-B7B2DBA3AFF5}.Debug|Any CPU.ActiveCfg = Debug|Any CPU
		{EC3CCD1E-B6FD-4831-97F2-B7B2DBA3AFF5}.Debug|Any CPU.Build.0 = Debug|Any CPU
		{EC3CCD1E-B6FD-4831-97F2-B7B2DBA3AFF5}.Release|Any CPU.ActiveCfg = Release|Any CPU
		{EC3CCD1E-B6FD-4831-97F2-B7B2DBA3AFF5}.Release|Any CPU.Build.0 = Release|Any CPU
		{69C95AF0-D29E-42C1-A11D-F2EEC7531FF0}.Debug|Any CPU.ActiveCfg = Debug|Any CPU
		{69C95AF0-D29E-42C1-A11D-F2EEC7531FF0}.Debug|Any CPU.Build.0 = Debug|Any CPU
		{69C95AF0-D29E-42C1-A11D-F2EEC7531FF0}.Release|Any CPU.ActiveCfg = Release|Any CPU
		{69C95AF0-D29E-42C1-A11D-F2EEC7531FF0}.Release|Any CPU.Build.0 = Release|Any CPU
		{F37A63D8-F9C8-49A8-A5AC-F3B099403D5F}.Debug|Any CPU.ActiveCfg = Debug|Any CPU
		{F37A63D8-F9C8-49A8-A5AC-F3B099403D5F}.Debug|Any CPU.Build.0 = Debug|Any CPU
		{F37A63D8-F9C8-49A8-A5AC-F3B099403D5F}.Release|Any CPU.ActiveCfg = Release|Any CPU
		{F37A63D8-F9C8-49A8-A5AC-F3B099403D5F}.Release|Any CPU.Build.0 = Release|Any CPU
		{C3CAB5CB-A48D-4C1C-A071-C8DE493CE95E}.Debug|Any CPU.ActiveCfg = Debug|Any CPU
		{C3CAB5CB-A48D-4C1C-A071-C8DE493CE95E}.Debug|Any CPU.Build.0 = Debug|Any CPU
		{C3CAB5CB-A48D-4C1C-A071-C8DE493CE95E}.Release|Any CPU.ActiveCfg = Release|Any CPU
		{C3CAB5CB-A48D-4C1C-A071-C8DE493CE95E}.Release|Any CPU.Build.0 = Release|Any CPU
	EndGlobalSection
	GlobalSection(SolutionProperties) = preSolution
		HideSolutionNode = FALSE
	EndGlobalSection
	GlobalSection(ExtensibilityGlobals) = postSolution
		SolutionGuid = {D3CC6D92-BF8E-4709-BB2F-D31E1AF4612B}
	EndGlobalSection
EndGlobal
